
Microsoft Visual Studio Solution File, Format Version 12.00
# Visual Studio 2012
Project("{FAE04EC0-301F-11D3-BF4B-00C04F79EFBC}") = "Modelos", "Modelos\Modelos.csproj", "{1B67F066-FB14-49CE-ADA3-3C372C4B10B3}"
EndProject
Project("{FAE04EC0-301F-11D3-BF4B-00C04F79EFBC}") = "Datos", "Datos\Datos.csproj", "{75CDC082-8B37-40F7-8CBF-4AF0524BA9C4}"
EndProject
Project("{FAE04EC0-301F-11D3-BF4B-00C04F79EFBC}") = "Servicio", "Servicio\Servicio.csproj", "{150CCD89-7C78-49DD-B01B-CD4522D16F9A}"
EndProject
Project("{FAE04EC0-301F-11D3-BF4B-00C04F79EFBC}") = "MVP", "MVP\MVP.csproj", "{750FFF2B-EF95-4AB7-A6DD-03AA4BC325DD}"
EndProject
Project("{FAE04EC0-301F-11D3-BF4B-00C04F79EFBC}") = "Diseño", "Diseño\Diseño.csproj", "{1BD0FACA-F320-4291-A001-CF00FDED7E76}"
EndProject
Global
	GlobalSection(SolutionConfigurationPlatforms) = preSolution
		Debug|Any CPU = Debug|Any CPU
		Release|Any CPU = Release|Any CPU
	EndGlobalSection
	GlobalSection(ProjectConfigurationPlatforms) = postSolution
		{1B67F066-FB14-49CE-ADA3-3C372C4B10B3}.Debug|Any CPU.ActiveCfg = Debug|Any CPU
		{1B67F066-FB14-49CE-ADA3-3C372C4B10B3}.Debug|Any CPU.Build.0 = Debug|Any CPU
		{1B67F066-FB14-49CE-ADA3-3C372C4B10B3}.Release|Any CPU.ActiveCfg = Release|Any CPU
		{1B67F066-FB14-49CE-ADA3-3C372C4B10B3}.Release|Any CPU.Build.0 = Release|Any CPU
		{75CDC082-8B37-40F7-8CBF-4AF0524BA9C4}.Debug|Any CPU.ActiveCfg = Debug|Any CPU
		{75CDC082-8B37-40F7-8CBF-4AF0524BA9C4}.Debug|Any CPU.Build.0 = Debug|Any CPU
		{75CDC082-8B37-40F7-8CBF-4AF0524BA9C4}.Release|Any CPU.ActiveCfg = Release|Any CPU
		{75CDC082-8B37-40F7-8CBF-4AF0524BA9C4}.Release|Any CPU.Build.0 = Release|Any CPU
		{150CCD89-7C78-49DD-B01B-CD4522D16F9A}.Debug|Any CPU.ActiveCfg = Debug|Any CPU
		{150CCD89-7C78-49DD-B01B-CD4522D16F9A}.Debug|Any CPU.Build.0 = Debug|Any CPU
		{150CCD89-7C78-49DD-B01B-CD4522D16F9A}.Release|Any CPU.ActiveCfg = Release|Any CPU
		{150CCD89-7C78-49DD-B01B-CD4522D16F9A}.Release|Any CPU.Build.0 = Release|Any CPU
		{750FFF2B-EF95-4AB7-A6DD-03AA4BC325DD}.Debug|Any CPU.ActiveCfg = Debug|Any CPU
		{750FFF2B-EF95-4AB7-A6DD-03AA4BC325DD}.Debug|Any CPU.Build.0 = Debug|Any CPU
		{750FFF2B-EF95-4AB7-A6DD-03AA4BC325DD}.Release|Any CPU.ActiveCfg = Release|Any CPU
		{750FFF2B-EF95-4AB7-A6DD-03AA4BC325DD}.Release|Any CPU.Build.0 = Release|Any CPU
		{1BD0FACA-F320-4291-A001-CF00FDED7E76}.Debug|Any CPU.ActiveCfg = Debug|Any CPU
		{1BD0FACA-F320-4291-A001-CF00FDED7E76}.Debug|Any CPU.Build.0 = Debug|Any CPU
		{1BD0FACA-F320-4291-A001-CF00FDED7E76}.Release|Any CPU.ActiveCfg = Release|Any CPU
		{1BD0FACA-F320-4291-A001-CF00FDED7E76}.Release|Any CPU.Build.0 = Release|Any CPU
	EndGlobalSection
	GlobalSection(SolutionProperties) = preSolution
		HideSolutionNode = FALSE
	EndGlobalSection
EndGlobal
